
Microsoft Visual Studio Solution File, Format Version 12.00
# Visual Studio 15
VisualStudioVersion = 15.0.26430.13
MinimumVisualStudioVersion = 10.0.40219.1
Project("{FAE04EC0-301F-11D3-BF4B-00C04F79EFBC}") = "PaladinsStats", "PaladinsStats\PaladinsStats\PaladinsStats.csproj", "{60C48564-3DE4-4F7A-8EE3-994ECC727CB9}"
EndProject
Project("{FAE04EC0-301F-11D3-BF4B-00C04F79EFBC}") = "PaladinsStats.Droid", "PaladinsStats\PaladinsStats.Droid\PaladinsStats.Droid.csproj", "{60D68E14-7B41-45E9-946B-0C6AAF821418}"
EndProject
Project("{FAE04EC0-301F-11D3-BF4B-00C04F79EFBC}") = "PaladinsStats.iOS", "PaladinsStats\PaladinsStats.iOS\PaladinsStats.iOS.csproj", "{E82AFF1D-3C54-4D3E-8D01-A46CFC16556D}"
EndProject
Project("{FAE04EC0-301F-11D3-BF4B-00C04F79EFBC}") = "PaladinsStats.UWP", "PaladinsStats\PaladinsStats.UWP\PaladinsStats.UWP.csproj", "{021CE5DF-A2B5-430D-AFF4-C2B474A70AB6}"
EndProject
Project("{2150E333-8FDC-42A3-9474-1A3956D46DE8}") = "Model", "Model", "{714D72ED-25A2-4AF8-B10A-D677FF6B289D}"
EndProject
Project("{2150E333-8FDC-42A3-9474-1A3956D46DE8}") = "View", "View", "{D110FC49-64C7-4C31-9439-8826C4F21B12}"
EndProject
Project("{FAE04EC0-301F-11D3-BF4B-00C04F79EFBC}") = "PaladinsStats.Model", "PaladinsStats.Model\PaladinsStats.Model.csproj", "{AAF0E861-3583-44B0-B68F-6C58662A1472}"
EndProject
Project("{FAE04EC0-301F-11D3-BF4B-00C04F79EFBC}") = "PaladinsStats.Business", "PaladinsStats.Business\PaladinsStats.Business.csproj", "{F9DD6D3E-B353-4C91-9382-D37C07A8BF36}"
EndProject
Global
	GlobalSection(SolutionConfigurationPlatforms) = preSolution
		Ad-Hoc|Any CPU = Ad-Hoc|Any CPU
		Ad-Hoc|ARM = Ad-Hoc|ARM
		Ad-Hoc|iPhone = Ad-Hoc|iPhone
		Ad-Hoc|iPhoneSimulator = Ad-Hoc|iPhoneSimulator
		Ad-Hoc|x64 = Ad-Hoc|x64
		Ad-Hoc|x86 = Ad-Hoc|x86
		AppStore|Any CPU = AppStore|Any CPU
		AppStore|ARM = AppStore|ARM
		AppStore|iPhone = AppStore|iPhone
		AppStore|iPhoneSimulator = AppStore|iPhoneSimulator
		AppStore|x64 = AppStore|x64
		AppStore|x86 = AppStore|x86
		Debug|Any CPU = Debug|Any CPU
		Debug|ARM = Debug|ARM
		Debug|iPhone = Debug|iPhone
		Debug|iPhoneSimulator = Debug|iPhoneSimulator
		Debug|x64 = Debug|x64
		Debug|x86 = Debug|x86
		Release|Any CPU = Release|Any CPU
		Release|ARM = Release|ARM
		Release|iPhone = Release|iPhone
		Release|iPhoneSimulator = Release|iPhoneSimulator
		Release|x64 = Release|x64
		Release|x86 = Release|x86
	EndGlobalSection
	GlobalSection(ProjectConfigurationPlatforms) = postSolution
		{60C48564-3DE4-4F7A-8EE3-994ECC727CB9}.Ad-Hoc|Any CPU.ActiveCfg = Release|Any CPU
		{60C48564-3DE4-4F7A-8EE3-994ECC727CB9}.Ad-Hoc|Any CPU.Build.0 = Release|Any CPU
		{60C48564-3DE4-4F7A-8EE3-994ECC727CB9}.Ad-Hoc|ARM.ActiveCfg = Release|Any CPU
		{60C48564-3DE4-4F7A-8EE3-994ECC727CB9}.Ad-Hoc|ARM.Build.0 = Release|Any CPU
		{60C48564-3DE4-4F7A-8EE3-994ECC727CB9}.Ad-Hoc|iPhone.ActiveCfg = Release|Any CPU
		{60C48564-3DE4-4F7A-8EE3-994ECC727CB9}.Ad-Hoc|iPhone.Build.0 = Release|Any CPU
		{60C48564-3DE4-4F7A-8EE3-994ECC727CB9}.Ad-Hoc|iPhoneSimulator.ActiveCfg = Release|Any CPU
		{60C48564-3DE4-4F7A-8EE3-994ECC727CB9}.Ad-Hoc|iPhoneSimulator.Build.0 = Release|Any CPU
		{60C48564-3DE4-4F7A-8EE3-994ECC727CB9}.Ad-Hoc|x64.ActiveCfg = Release|Any CPU
		{60C48564-3DE4-4F7A-8EE3-994ECC727CB9}.Ad-Hoc|x64.Build.0 = Release|Any CPU
		{60C48564-3DE4-4F7A-8EE3-994ECC727CB9}.Ad-Hoc|x86.ActiveCfg = Release|Any CPU
		{60C48564-3DE4-4F7A-8EE3-994ECC727CB9}.Ad-Hoc|x86.Build.0 = Release|Any CPU
		{60C48564-3DE4-4F7A-8EE3-994ECC727CB9}.AppStore|Any CPU.ActiveCfg = Release|Any CPU
		{60C48564-3DE4-4F7A-8EE3-994ECC727CB9}.AppStore|Any CPU.Build.0 = Release|Any CPU
		{60C48564-3DE4-4F7A-8EE3-994ECC727CB9}.AppStore|ARM.ActiveCfg = Release|Any CPU
		{60C48564-3DE4-4F7A-8EE3-994ECC727CB9}.AppStore|ARM.Build.0 = Release|Any CPU
		{60C48564-3DE4-4F7A-8EE3-994ECC727CB9}.AppStore|iPhone.ActiveCfg = Release|Any CPU
		{60C48564-3DE4-4F7A-8EE3-994ECC727CB9}.AppStore|iPhone.Build.0 = Release|Any CPU
		{60C48564-3DE4-4F7A-8EE3-994ECC727CB9}.AppStore|iPhoneSimulator.ActiveCfg = Release|Any CPU
		{60C48564-3DE4-4F7A-8EE3-994ECC727CB9}.AppStore|iPhoneSimulator.Build.0 = Release|Any CPU
		{60C48564-3DE4-4F7A-8EE3-994ECC727CB9}.AppStore|x64.ActiveCfg = Release|Any CPU
		{60C48564-3DE4-4F7A-8EE3-994ECC727CB9}.AppStore|x64.Build.0 = Release|Any CPU
		{60C48564-3DE4-4F7A-8EE3-994ECC727CB9}.AppStore|x86.ActiveCfg = Release|Any CPU
		{60C48564-3DE4-4F7A-8EE3-994ECC727CB9}.AppStore|x86.Build.0 = Release|Any CPU
		{60C48564-3DE4-4F7A-8EE3-994ECC727CB9}.Debug|Any CPU.ActiveCfg = Debug|Any CPU
		{60C48564-3DE4-4F7A-8EE3-994ECC727CB9}.Debug|Any CPU.Build.0 = Debug|Any CPU
		{60C48564-3DE4-4F7A-8EE3-994ECC727CB9}.Debug|ARM.ActiveCfg = Debug|Any CPU
		{60C48564-3DE4-4F7A-8EE3-994ECC727CB9}.Debug|ARM.Build.0 = Debug|Any CPU
		{60C48564-3DE4-4F7A-8EE3-994ECC727CB9}.Debug|iPhone.ActiveCfg = Debug|Any CPU
		{60C48564-3DE4-4F7A-8EE3-994ECC727CB9}.Debug|iPhone.Build.0 = Debug|Any CPU
		{60C48564-3DE4-4F7A-8EE3-994ECC727CB9}.Debug|iPhoneSimulator.ActiveCfg = Debug|Any CPU
		{60C48564-3DE4-4F7A-8EE3-994ECC727CB9}.Debug|iPhoneSimulator.Build.0 = Debug|Any CPU
		{60C48564-3DE4-4F7A-8EE3-994ECC727CB9}.Debug|x64.ActiveCfg = Debug|Any CPU
		{60C48564-3DE4-4F7A-8EE3-994ECC727CB9}.Debug|x64.Build.0 = Debug|Any CPU
		{60C48564-3DE4-4F7A-8EE3-994ECC727CB9}.Debug|x86.ActiveCfg = Debug|Any CPU
		{60C48564-3DE4-4F7A-8EE3-994ECC727CB9}.Debug|x86.Build.0 = Debug|Any CPU
		{60C48564-3DE4-4F7A-8EE3-994ECC727CB9}.Release|Any CPU.ActiveCfg = Release|Any CPU
		{60C48564-3DE4-4F7A-8EE3-994ECC727CB9}.Release|Any CPU.Build.0 = Release|Any CPU
		{60C48564-3DE4-4F7A-8EE3-994ECC727CB9}.Release|ARM.ActiveCfg = Release|Any CPU
		{60C48564-3DE4-4F7A-8EE3-994ECC727CB9}.Release|ARM.Build.0 = Release|Any CPU
		{60C48564-3DE4-4F7A-8EE3-994ECC727CB9}.Release|iPhone.ActiveCfg = Release|Any CPU
		{60C48564-3DE4-4F7A-8EE3-994ECC727CB9}.Release|iPhone.Build.0 = Release|Any CPU
		{60C48564-3DE4-4F7A-8EE3-994ECC727CB9}.Release|iPhoneSimulator.ActiveCfg = Release|Any CPU
		{60C48564-3DE4-4F7A-8EE3-994ECC727CB9}.Release|iPhoneSimulator.Build.0 = Release|Any CPU
		{60C48564-3DE4-4F7A-8EE3-994ECC727CB9}.Release|x64.ActiveCfg = Release|Any CPU
		{60C48564-3DE4-4F7A-8EE3-994ECC727CB9}.Release|x64.Build.0 = Release|Any CPU
		{60C48564-3DE4-4F7A-8EE3-994ECC727CB9}.Release|x86.ActiveCfg = Release|Any CPU
		{60C48564-3DE4-4F7A-8EE3-994ECC727CB9}.Release|x86.Build.0 = Release|Any CPU
		{60D68E14-7B41-45E9-946B-0C6AAF821418}.Ad-Hoc|Any CPU.ActiveCfg = Release|Any CPU
		{60D68E14-7B41-45E9-946B-0C6AAF821418}.Ad-Hoc|Any CPU.Build.0 = Release|Any CPU
		{60D68E14-7B41-45E9-946B-0C6AAF821418}.Ad-Hoc|Any CPU.Deploy.0 = Release|Any CPU
		{60D68E14-7B41-45E9-946B-0C6AAF821418}.Ad-Hoc|ARM.ActiveCfg = Release|Any CPU
		{60D68E14-7B41-45E9-946B-0C6AAF821418}.Ad-Hoc|ARM.Build.0 = Release|Any CPU
		{60D68E14-7B41-45E9-946B-0C6AAF821418}.Ad-Hoc|ARM.Deploy.0 = Release|Any CPU
		{60D68E14-7B41-45E9-946B-0C6AAF821418}.Ad-Hoc|iPhone.ActiveCfg = Release|Any CPU
		{60D68E14-7B41-45E9-946B-0C6AAF821418}.Ad-Hoc|iPhone.Build.0 = Release|Any CPU
		{60D68E14-7B41-45E9-946B-0C6AAF821418}.Ad-Hoc|iPhone.Deploy.0 = Release|Any CPU
		{60D68E14-7B41-45E9-946B-0C6AAF821418}.Ad-Hoc|iPhoneSimulator.ActiveCfg = Release|Any CPU
		{60D68E14-7B41-45E9-946B-0C6AAF821418}.Ad-Hoc|iPhoneSimulator.Build.0 = Release|Any CPU
		{60D68E14-7B41-45E9-946B-0C6AAF821418}.Ad-Hoc|iPhoneSimulator.Deploy.0 = Release|Any CPU
		{60D68E14-7B41-45E9-946B-0C6AAF821418}.Ad-Hoc|x64.ActiveCfg = Release|Any CPU
		{60D68E14-7B41-45E9-946B-0C6AAF821418}.Ad-Hoc|x64.Build.0 = Release|Any CPU
		{60D68E14-7B41-45E9-946B-0C6AAF821418}.Ad-Hoc|x64.Deploy.0 = Release|Any CPU
		{60D68E14-7B41-45E9-946B-0C6AAF821418}.Ad-Hoc|x86.ActiveCfg = Release|Any CPU
		{60D68E14-7B41-45E9-946B-0C6AAF821418}.Ad-Hoc|x86.Build.0 = Release|Any CPU
		{60D68E14-7B41-45E9-946B-0C6AAF821418}.Ad-Hoc|x86.Deploy.0 = Release|Any CPU
		{60D68E14-7B41-45E9-946B-0C6AAF821418}.AppStore|Any CPU.ActiveCfg = Release|Any CPU
		{60D68E14-7B41-45E9-946B-0C6AAF821418}.AppStore|Any CPU.Build.0 = Release|Any CPU
		{60D68E14-7B41-45E9-946B-0C6AAF821418}.AppStore|Any CPU.Deploy.0 = Release|Any CPU
		{60D68E14-7B41-45E9-946B-0C6AAF821418}.AppStore|ARM.ActiveCfg = Release|Any CPU
		{60D68E14-7B41-45E9-946B-0C6AAF821418}.AppStore|ARM.Build.0 = Release|Any CPU
		{60D68E14-7B41-45E9-946B-0C6AAF821418}.AppStore|ARM.Deploy.0 = Release|Any CPU
		{60D68E14-7B41-45E9-946B-0C6AAF821418}.AppStore|iPhone.ActiveCfg = Release|Any CPU
		{60D68E14-7B41-45E9-946B-0C6AAF821418}.AppStore|iPhone.Build.0 = Release|Any CPU
		{60D68E14-7B41-45E9-946B-0C6AAF821418}.AppStore|iPhone.Deploy.0 = Release|Any CPU
		{60D68E14-7B41-45E9-946B-0C6AAF821418}.AppStore|iPhoneSimulator.ActiveCfg = Release|Any CPU
		{60D68E14-7B41-45E9-946B-0C6AAF821418}.AppStore|iPhoneSimulator.Build.0 = Release|Any CPU
		{60D68E14-7B41-45E9-946B-0C6AAF821418}.AppStore|iPhoneSimulator.Deploy.0 = Release|Any CPU
		{60D68E14-7B41-45E9-946B-0C6AAF821418}.AppStore|x64.ActiveCfg = Release|Any CPU
		{60D68E14-7B41-45E9-946B-0C6AAF821418}.AppStore|x64.Build.0 = Release|Any CPU
		{60D68E14-7B41-45E9-946B-0C6AAF821418}.AppStore|x64.Deploy.0 = Release|Any CPU
		{60D68E14-7B41-45E9-946B-0C6AAF821418}.AppStore|x86.ActiveCfg = Release|Any CPU
		{60D68E14-7B41-45E9-946B-0C6AAF821418}.AppStore|x86.Build.0 = Release|Any CPU
		{60D68E14-7B41-45E9-946B-0C6AAF821418}.AppStore|x86.Deploy.0 = Release|Any CPU
		{60D68E14-7B41-45E9-946B-0C6AAF821418}.Debug|Any CPU.ActiveCfg = Debug|Any CPU
		{60D68E14-7B41-45E9-946B-0C6AAF821418}.Debug|Any CPU.Build.0 = Debug|Any CPU
		{60D68E14-7B41-45E9-946B-0C6AAF821418}.Debug|Any CPU.Deploy.0 = Debug|Any CPU
		{60D68E14-7B41-45E9-946B-0C6AAF821418}.Debug|ARM.ActiveCfg = Debug|Any CPU
		{60D68E14-7B41-45E9-946B-0C6AAF821418}.Debug|ARM.Build.0 = Debug|Any CPU
		{60D68E14-7B41-45E9-946B-0C6AAF821418}.Debug|ARM.Deploy.0 = Debug|Any CPU
		{60D68E14-7B41-45E9-946B-0C6AAF821418}.Debug|iPhone.ActiveCfg = Debug|Any CPU
		{60D68E14-7B41-45E9-946B-0C6AAF821418}.Debug|iPhone.Build.0 = Debug|Any CPU
		{60D68E14-7B41-45E9-946B-0C6AAF821418}.Debug|iPhone.Deploy.0 = Debug|Any CPU
		{60D68E14-7B41-45E9-946B-0C6AAF821418}.Debug|iPhoneSimulator.ActiveCfg = Debug|Any CPU
		{60D68E14-7B41-45E9-946B-0C6AAF821418}.Debug|iPhoneSimulator.Build.0 = Debug|Any CPU
		{60D68E14-7B41-45E9-946B-0C6AAF821418}.Debug|iPhoneSimulator.Deploy.0 = Debug|Any CPU
		{60D68E14-7B41-45E9-946B-0C6AAF821418}.Debug|x64.ActiveCfg = Debug|Any CPU
		{60D68E14-7B41-45E9-946B-0C6AAF821418}.Debug|x64.Build.0 = Debug|Any CPU
		{60D68E14-7B41-45E9-946B-0C6AAF821418}.Debug|x64.Deploy.0 = Debug|Any CPU
		{60D68E14-7B41-45E9-946B-0C6AAF821418}.Debug|x86.ActiveCfg = Debug|Any CPU
		{60D68E14-7B41-45E9-946B-0C6AAF821418}.Debug|x86.Build.0 = Debug|Any CPU
		{60D68E14-7B41-45E9-946B-0C6AAF821418}.Debug|x86.Deploy.0 = Debug|Any CPU
		{60D68E14-7B41-45E9-946B-0C6AAF821418}.Release|Any CPU.ActiveCfg = Release|Any CPU
		{60D68E14-7B41-45E9-946B-0C6AAF821418}.Release|Any CPU.Build.0 = Release|Any CPU
		{60D68E14-7B41-45E9-946B-0C6AAF821418}.Release|Any CPU.Deploy.0 = Release|Any CPU
		{60D68E14-7B41-45E9-946B-0C6AAF821418}.Release|ARM.ActiveCfg = Release|Any CPU
		{60D68E14-7B41-45E9-946B-0C6AAF821418}.Release|ARM.Build.0 = Release|Any CPU
		{60D68E14-7B41-45E9-946B-0C6AAF821418}.Release|ARM.Deploy.0 = Release|Any CPU
		{60D68E14-7B41-45E9-946B-0C6AAF821418}.Release|iPhone.ActiveCfg = Release|Any CPU
		{60D68E14-7B41-45E9-946B-0C6AAF821418}.Release|iPhone.Build.0 = Release|Any CPU
		{60D68E14-7B41-45E9-946B-0C6AAF821418}.Release|iPhone.Deploy.0 = Release|Any CPU
		{60D68E14-7B41-45E9-946B-0C6AAF821418}.Release|iPhoneSimulator.ActiveCfg = Release|Any CPU
		{60D68E14-7B41-45E9-946B-0C6AAF821418}.Release|iPhoneSimulator.Build.0 = Release|Any CPU
		{60D68E14-7B41-45E9-946B-0C6AAF821418}.Release|iPhoneSimulator.Deploy.0 = Release|Any CPU
		{60D68E14-7B41-45E9-946B-0C6AAF821418}.Release|x64.ActiveCfg = Release|Any CPU
		{60D68E14-7B41-45E9-946B-0C6AAF821418}.Release|x64.Build.0 = Release|Any CPU
		{60D68E14-7B41-45E9-946B-0C6AAF821418}.Release|x64.Deploy.0 = Release|Any CPU
		{60D68E14-7B41-45E9-946B-0C6AAF821418}.Release|x86.ActiveCfg = Release|Any CPU
		{60D68E14-7B41-45E9-946B-0C6AAF821418}.Release|x86.Build.0 = Release|Any CPU
		{60D68E14-7B41-45E9-946B-0C6AAF821418}.Release|x86.Deploy.0 = Release|Any CPU
		{E82AFF1D-3C54-4D3E-8D01-A46CFC16556D}.Ad-Hoc|Any CPU.ActiveCfg = Ad-Hoc|iPhone
		{E82AFF1D-3C54-4D3E-8D01-A46CFC16556D}.Ad-Hoc|ARM.ActiveCfg = Ad-Hoc|iPhone
		{E82AFF1D-3C54-4D3E-8D01-A46CFC16556D}.Ad-Hoc|iPhone.ActiveCfg = Ad-Hoc|iPhone
		{E82AFF1D-3C54-4D3E-8D01-A46CFC16556D}.Ad-Hoc|iPhone.Build.0 = Ad-Hoc|iPhone
		{E82AFF1D-3C54-4D3E-8D01-A46CFC16556D}.Ad-Hoc|iPhoneSimulator.ActiveCfg = Ad-Hoc|iPhoneSimulator
		{E82AFF1D-3C54-4D3E-8D01-A46CFC16556D}.Ad-Hoc|iPhoneSimulator.Build.0 = Ad-Hoc|iPhoneSimulator
		{E82AFF1D-3C54-4D3E-8D01-A46CFC16556D}.Ad-Hoc|x64.ActiveCfg = Ad-Hoc|iPhone
		{E82AFF1D-3C54-4D3E-8D01-A46CFC16556D}.Ad-Hoc|x86.ActiveCfg = Ad-Hoc|iPhone
		{E82AFF1D-3C54-4D3E-8D01-A46CFC16556D}.AppStore|Any CPU.ActiveCfg = AppStore|iPhone
		{E82AFF1D-3C54-4D3E-8D01-A46CFC16556D}.AppStore|ARM.ActiveCfg = AppStore|iPhone
		{E82AFF1D-3C54-4D3E-8D01-A46CFC16556D}.AppStore|iPhone.ActiveCfg = AppStore|iPhone
		{E82AFF1D-3C54-4D3E-8D01-A46CFC16556D}.AppStore|iPhone.Build.0 = AppStore|iPhone
		{E82AFF1D-3C54-4D3E-8D01-A46CFC16556D}.AppStore|iPhoneSimulator.ActiveCfg = AppStore|iPhoneSimulator
		{E82AFF1D-3C54-4D3E-8D01-A46CFC16556D}.AppStore|iPhoneSimulator.Build.0 = AppStore|iPhoneSimulator
		{E82AFF1D-3C54-4D3E-8D01-A46CFC16556D}.AppStore|x64.ActiveCfg = AppStore|iPhone
		{E82AFF1D-3C54-4D3E-8D01-A46CFC16556D}.AppStore|x86.ActiveCfg = AppStore|iPhone
		{E82AFF1D-3C54-4D3E-8D01-A46CFC16556D}.Debug|Any CPU.ActiveCfg = Debug|iPhone
		{E82AFF1D-3C54-4D3E-8D01-A46CFC16556D}.Debug|ARM.ActiveCfg = Debug|iPhone
		{E82AFF1D-3C54-4D3E-8D01-A46CFC16556D}.Debug|iPhone.ActiveCfg = Debug|iPhone
		{E82AFF1D-3C54-4D3E-8D01-A46CFC16556D}.Debug|iPhone.Build.0 = Debug|iPhone
		{E82AFF1D-3C54-4D3E-8D01-A46CFC16556D}.Debug|iPhoneSimulator.ActiveCfg = Debug|iPhoneSimulator
		{E82AFF1D-3C54-4D3E-8D01-A46CFC16556D}.Debug|iPhoneSimulator.Build.0 = Debug|iPhoneSimulator
		{E82AFF1D-3C54-4D3E-8D01-A46CFC16556D}.Debug|x64.ActiveCfg = Debug|iPhone
		{E82AFF1D-3C54-4D3E-8D01-A46CFC16556D}.Debug|x86.ActiveCfg = Debug|iPhone
		{E82AFF1D-3C54-4D3E-8D01-A46CFC16556D}.Release|Any CPU.ActiveCfg = Release|iPhone
		{E82AFF1D-3C54-4D3E-8D01-A46CFC16556D}.Release|ARM.ActiveCfg = Release|iPhone
		{E82AFF1D-3C54-4D3E-8D01-A46CFC16556D}.Release|iPhone.ActiveCfg = Release|iPhone
		{E82AFF1D-3C54-4D3E-8D01-A46CFC16556D}.Release|iPhone.Build.0 = Release|iPhone
		{E82AFF1D-3C54-4D3E-8D01-A46CFC16556D}.Release|iPhoneSimulator.ActiveCfg = Release|iPhoneSimulator
		{E82AFF1D-3C54-4D3E-8D01-A46CFC16556D}.Release|iPhoneSimulator.Build.0 = Release|iPhoneSimulator
		{E82AFF1D-3C54-4D3E-8D01-A46CFC16556D}.Release|x64.ActiveCfg = Release|iPhone
		{E82AFF1D-3C54-4D3E-8D01-A46CFC16556D}.Release|x86.ActiveCfg = Release|iPhone
		{021CE5DF-A2B5-430D-AFF4-C2B474A70AB6}.Ad-Hoc|Any CPU.ActiveCfg = Release|x86
		{021CE5DF-A2B5-430D-AFF4-C2B474A70AB6}.Ad-Hoc|Any CPU.Build.0 = Release|x86
		{021CE5DF-A2B5-430D-AFF4-C2B474A70AB6}.Ad-Hoc|Any CPU.Deploy.0 = Release|x86
		{021CE5DF-A2B5-430D-AFF4-C2B474A70AB6}.Ad-Hoc|ARM.ActiveCfg = Release|ARM
		{021CE5DF-A2B5-430D-AFF4-C2B474A70AB6}.Ad-Hoc|ARM.Build.0 = Release|ARM
		{021CE5DF-A2B5-430D-AFF4-C2B474A70AB6}.Ad-Hoc|ARM.Deploy.0 = Release|ARM
		{021CE5DF-A2B5-430D-AFF4-C2B474A70AB6}.Ad-Hoc|iPhone.ActiveCfg = Release|x86
		{021CE5DF-A2B5-430D-AFF4-C2B474A70AB6}.Ad-Hoc|iPhone.Build.0 = Release|x86
		{021CE5DF-A2B5-430D-AFF4-C2B474A70AB6}.Ad-Hoc|iPhone.Deploy.0 = Release|x86
		{021CE5DF-A2B5-430D-AFF4-C2B474A70AB6}.Ad-Hoc|iPhoneSimulator.ActiveCfg = Release|x86
		{021CE5DF-A2B5-430D-AFF4-C2B474A70AB6}.Ad-Hoc|iPhoneSimulator.Build.0 = Release|x86
		{021CE5DF-A2B5-430D-AFF4-C2B474A70AB6}.Ad-Hoc|iPhoneSimulator.Deploy.0 = Release|x86
		{021CE5DF-A2B5-430D-AFF4-C2B474A70AB6}.Ad-Hoc|x64.ActiveCfg = Release|x64
		{021CE5DF-A2B5-430D-AFF4-C2B474A70AB6}.Ad-Hoc|x64.Build.0 = Release|x64
		{021CE5DF-A2B5-430D-AFF4-C2B474A70AB6}.Ad-Hoc|x64.Deploy.0 = Release|x64
		{021CE5DF-A2B5-430D-AFF4-C2B474A70AB6}.Ad-Hoc|x86.ActiveCfg = Release|x86
		{021CE5DF-A2B5-430D-AFF4-C2B474A70AB6}.Ad-Hoc|x86.Build.0 = Release|x86
		{021CE5DF-A2B5-430D-AFF4-C2B474A70AB6}.Ad-Hoc|x86.Deploy.0 = Release|x86
		{021CE5DF-A2B5-430D-AFF4-C2B474A70AB6}.AppStore|Any CPU.ActiveCfg = Release|x86
		{021CE5DF-A2B5-430D-AFF4-C2B474A70AB6}.AppStore|Any CPU.Build.0 = Release|x86
		{021CE5DF-A2B5-430D-AFF4-C2B474A70AB6}.AppStore|Any CPU.Deploy.0 = Release|x86
		{021CE5DF-A2B5-430D-AFF4-C2B474A70AB6}.AppStore|ARM.ActiveCfg = Release|ARM
		{021CE5DF-A2B5-430D-AFF4-C2B474A70AB6}.AppStore|ARM.Build.0 = Release|ARM
		{021CE5DF-A2B5-430D-AFF4-C2B474A70AB6}.AppStore|ARM.Deploy.0 = Release|ARM
		{021CE5DF-A2B5-430D-AFF4-C2B474A70AB6}.AppStore|iPhone.ActiveCfg = Release|x86
		{021CE5DF-A2B5-430D-AFF4-C2B474A70AB6}.AppStore|iPhone.Build.0 = Release|x86
		{021CE5DF-A2B5-430D-AFF4-C2B474A70AB6}.AppStore|iPhone.Deploy.0 = Release|x86
		{021CE5DF-A2B5-430D-AFF4-C2B474A70AB6}.AppStore|iPhoneSimulator.ActiveCfg = Release|x86
		{021CE5DF-A2B5-430D-AFF4-C2B474A70AB6}.AppStore|iPhoneSimulator.Build.0 = Release|x86
		{021CE5DF-A2B5-430D-AFF4-C2B474A70AB6}.AppStore|iPhoneSimulator.Deploy.0 = Release|x86
		{021CE5DF-A2B5-430D-AFF4-C2B474A70AB6}.AppStore|x64.ActiveCfg = Release|x64
		{021CE5DF-A2B5-430D-AFF4-C2B474A70AB6}.AppStore|x64.Build.0 = Release|x64
		{021CE5DF-A2B5-430D-AFF4-C2B474A70AB6}.AppStore|x64.Deploy.0 = Release|x64
		{021CE5DF-A2B5-430D-AFF4-C2B474A70AB6}.AppStore|x86.ActiveCfg = Release|x86
		{021CE5DF-A2B5-430D-AFF4-C2B474A70AB6}.AppStore|x86.Build.0 = Release|x86
		{021CE5DF-A2B5-430D-AFF4-C2B474A70AB6}.AppStore|x86.Deploy.0 = Release|x86
		{021CE5DF-A2B5-430D-AFF4-C2B474A70AB6}.Debug|Any CPU.ActiveCfg = Debug|x86
		{021CE5DF-A2B5-430D-AFF4-C2B474A70AB6}.Debug|Any CPU.Build.0 = Debug|x86
		{021CE5DF-A2B5-430D-AFF4-C2B474A70AB6}.Debug|Any CPU.Deploy.0 = Debug|x86
		{021CE5DF-A2B5-430D-AFF4-C2B474A70AB6}.Debug|ARM.ActiveCfg = Debug|ARM
		{021CE5DF-A2B5-430D-AFF4-C2B474A70AB6}.Debug|ARM.Build.0 = Debug|ARM
		{021CE5DF-A2B5-430D-AFF4-C2B474A70AB6}.Debug|ARM.Deploy.0 = Debug|ARM
		{021CE5DF-A2B5-430D-AFF4-C2B474A70AB6}.Debug|iPhone.ActiveCfg = Debug|x86
		{021CE5DF-A2B5-430D-AFF4-C2B474A70AB6}.Debug|iPhoneSimulator.ActiveCfg = Debug|x86
		{021CE5DF-A2B5-430D-AFF4-C2B474A70AB6}.Debug|x64.ActiveCfg = Debug|x64
		{021CE5DF-A2B5-430D-AFF4-C2B474A70AB6}.Debug|x64.Build.0 = Debug|x64
		{021CE5DF-A2B5-430D-AFF4-C2B474A70AB6}.Debug|x64.Deploy.0 = Debug|x64
		{021CE5DF-A2B5-430D-AFF4-C2B474A70AB6}.Debug|x86.ActiveCfg = Debug|x86
		{021CE5DF-A2B5-430D-AFF4-C2B474A70AB6}.Debug|x86.Build.0 = Debug|x86
		{021CE5DF-A2B5-430D-AFF4-C2B474A70AB6}.Debug|x86.Deploy.0 = Debug|x86
		{021CE5DF-A2B5-430D-AFF4-C2B474A70AB6}.Release|Any CPU.ActiveCfg = Release|x86
		{021CE5DF-A2B5-430D-AFF4-C2B474A70AB6}.Release|ARM.ActiveCfg = Release|ARM
		{021CE5DF-A2B5-430D-AFF4-C2B474A70AB6}.Release|ARM.Build.0 = Release|ARM
		{021CE5DF-A2B5-430D-AFF4-C2B474A70AB6}.Release|ARM.Deploy.0 = Release|ARM
		{021CE5DF-A2B5-430D-AFF4-C2B474A70AB6}.Release|iPhone.ActiveCfg = Release|x86
		{021CE5DF-A2B5-430D-AFF4-C2B474A70AB6}.Release|iPhoneSimulator.ActiveCfg = Release|x86
		{021CE5DF-A2B5-430D-AFF4-C2B474A70AB6}.Release|x64.ActiveCfg = Release|x64
		{021CE5DF-A2B5-430D-AFF4-C2B474A70AB6}.Release|x64.Build.0 = Release|x64
		{021CE5DF-A2B5-430D-AFF4-C2B474A70AB6}.Release|x64.Deploy.0 = Release|x64
		{021CE5DF-A2B5-430D-AFF4-C2B474A70AB6}.Release|x86.ActiveCfg = Release|x86
		{021CE5DF-A2B5-430D-AFF4-C2B474A70AB6}.Release|x86.Build.0 = Release|x86
		{021CE5DF-A2B5-430D-AFF4-C2B474A70AB6}.Release|x86.Deploy.0 = Release|x86
		{AAF0E861-3583-44B0-B68F-6C58662A1472}.Ad-Hoc|Any CPU.ActiveCfg = Release|Any CPU
		{AAF0E861-3583-44B0-B68F-6C58662A1472}.Ad-Hoc|Any CPU.Build.0 = Release|Any CPU
		{AAF0E861-3583-44B0-B68F-6C58662A1472}.Ad-Hoc|ARM.ActiveCfg = Release|Any CPU
		{AAF0E861-3583-44B0-B68F-6C58662A1472}.Ad-Hoc|ARM.Build.0 = Release|Any CPU
		{AAF0E861-3583-44B0-B68F-6C58662A1472}.Ad-Hoc|iPhone.ActiveCfg = Release|Any CPU
		{AAF0E861-3583-44B0-B68F-6C58662A1472}.Ad-Hoc|iPhone.Build.0 = Release|Any CPU
		{AAF0E861-3583-44B0-B68F-6C58662A1472}.Ad-Hoc|iPhoneSimulator.ActiveCfg = Release|Any CPU
		{AAF0E861-3583-44B0-B68F-6C58662A1472}.Ad-Hoc|iPhoneSimulator.Build.0 = Release|Any CPU
		{AAF0E861-3583-44B0-B68F-6C58662A1472}.Ad-Hoc|x64.ActiveCfg = Release|Any CPU
		{AAF0E861-3583-44B0-B68F-6C58662A1472}.Ad-Hoc|x64.Build.0 = Release|Any CPU
		{AAF0E861-3583-44B0-B68F-6C58662A1472}.Ad-Hoc|x86.ActiveCfg = Release|Any CPU
		{AAF0E861-3583-44B0-B68F-6C58662A1472}.Ad-Hoc|x86.Build.0 = Release|Any CPU
		{AAF0E861-3583-44B0-B68F-6C58662A1472}.AppStore|Any CPU.ActiveCfg = Release|Any CPU
		{AAF0E861-3583-44B0-B68F-6C58662A1472}.AppStore|Any CPU.Build.0 = Release|Any CPU
		{AAF0E861-3583-44B0-B68F-6C58662A1472}.AppStore|ARM.ActiveCfg = Release|Any CPU
		{AAF0E861-3583-44B0-B68F-6C58662A1472}.AppStore|ARM.Build.0 = Release|Any CPU
		{AAF0E861-3583-44B0-B68F-6C58662A1472}.AppStore|iPhone.ActiveCfg = Release|Any CPU
		{AAF0E861-3583-44B0-B68F-6C58662A1472}.AppStore|iPhone.Build.0 = Release|Any CPU
		{AAF0E861-3583-44B0-B68F-6C58662A1472}.AppStore|iPhoneSimulator.ActiveCfg = Release|Any CPU
		{AAF0E861-3583-44B0-B68F-6C58662A1472}.AppStore|iPhoneSimulator.Build.0 = Release|Any CPU
		{AAF0E861-3583-44B0-B68F-6C58662A1472}.AppStore|x64.ActiveCfg = Release|Any CPU
		{AAF0E861-3583-44B0-B68F-6C58662A1472}.AppStore|x64.Build.0 = Release|Any CPU
		{AAF0E861-3583-44B0-B68F-6C58662A1472}.AppStore|x86.ActiveCfg = Release|Any CPU
		{AAF0E861-3583-44B0-B68F-6C58662A1472}.AppStore|x86.Build.0 = Release|Any CPU
		{AAF0E861-3583-44B0-B68F-6C58662A1472}.Debug|Any CPU.ActiveCfg = Debug|Any CPU
		{AAF0E861-3583-44B0-B68F-6C58662A1472}.Debug|Any CPU.Build.0 = Debug|Any CPU
		{AAF0E861-3583-44B0-B68F-6C58662A1472}.Debug|ARM.ActiveCfg = Debug|Any CPU
		{AAF0E861-3583-44B0-B68F-6C58662A1472}.Debug|ARM.Build.0 = Debug|Any CPU
		{AAF0E861-3583-44B0-B68F-6C58662A1472}.Debug|iPhone.ActiveCfg = Debug|Any CPU
		{AAF0E861-3583-44B0-B68F-6C58662A1472}.Debug|iPhone.Build.0 = Debug|Any CPU
		{AAF0E861-3583-44B0-B68F-6C58662A1472}.Debug|iPhoneSimulator.ActiveCfg = Debug|Any CPU
		{AAF0E861-3583-44B0-B68F-6C58662A1472}.Debug|iPhoneSimulator.Build.0 = Debug|Any CPU
		{AAF0E861-3583-44B0-B68F-6C58662A1472}.Debug|x64.ActiveCfg = Debug|Any CPU
		{AAF0E861-3583-44B0-B68F-6C58662A1472}.Debug|x64.Build.0 = Debug|Any CPU
		{AAF0E861-3583-44B0-B68F-6C58662A1472}.Debug|x86.ActiveCfg = Debug|Any CPU
		{AAF0E861-3583-44B0-B68F-6C58662A1472}.Debug|x86.Build.0 = Debug|Any CPU
		{AAF0E861-3583-44B0-B68F-6C58662A1472}.Release|Any CPU.ActiveCfg = Release|Any CPU
		{AAF0E861-3583-44B0-B68F-6C58662A1472}.Release|Any CPU.Build.0 = Release|Any CPU
		{AAF0E861-3583-44B0-B68F-6C58662A1472}.Release|ARM.ActiveCfg = Release|Any CPU
		{AAF0E861-3583-44B0-B68F-6C58662A1472}.Release|ARM.Build.0 = Release|Any CPU
		{AAF0E861-3583-44B0-B68F-6C58662A1472}.Release|iPhone.ActiveCfg = Release|Any CPU
		{AAF0E861-3583-44B0-B68F-6C58662A1472}.Release|iPhone.Build.0 = Release|Any CPU
		{AAF0E861-3583-44B0-B68F-6C58662A1472}.Release|iPhoneSimulator.ActiveCfg = Release|Any CPU
		{AAF0E861-3583-44B0-B68F-6C58662A1472}.Release|iPhoneSimulator.Build.0 = Release|Any CPU
		{AAF0E861-3583-44B0-B68F-6C58662A1472}.Release|x64.ActiveCfg = Release|Any CPU
		{AAF0E861-3583-44B0-B68F-6C58662A1472}.Release|x64.Build.0 = Release|Any CPU
		{AAF0E861-3583-44B0-B68F-6C58662A1472}.Release|x86.ActiveCfg = Release|Any CPU
		{AAF0E861-3583-44B0-B68F-6C58662A1472}.Release|x86.Build.0 = Release|Any CPU
		{F9DD6D3E-B353-4C91-9382-D37C07A8BF36}.Ad-Hoc|Any CPU.ActiveCfg = Release|Any CPU
		{F9DD6D3E-B353-4C91-9382-D37C07A8BF36}.Ad-Hoc|Any CPU.Build.0 = Release|Any CPU
		{F9DD6D3E-B353-4C91-9382-D37C07A8BF36}.Ad-Hoc|ARM.ActiveCfg = Release|Any CPU
		{F9DD6D3E-B353-4C91-9382-D37C07A8BF36}.Ad-Hoc|ARM.Build.0 = Release|Any CPU
		{F9DD6D3E-B353-4C91-9382-D37C07A8BF36}.Ad-Hoc|iPhone.ActiveCfg = Release|Any CPU
		{F9DD6D3E-B353-4C91-9382-D37C07A8BF36}.Ad-Hoc|iPhone.Build.0 = Release|Any CPU
		{F9DD6D3E-B353-4C91-9382-D37C07A8BF36}.Ad-Hoc|iPhoneSimulator.ActiveCfg = Release|Any CPU
		{F9DD6D3E-B353-4C91-9382-D37C07A8BF36}.Ad-Hoc|iPhoneSimulator.Build.0 = Release|Any CPU
		{F9DD6D3E-B353-4C91-9382-D37C07A8BF36}.Ad-Hoc|x64.ActiveCfg = Release|Any CPU
		{F9DD6D3E-B353-4C91-9382-D37C07A8BF36}.Ad-Hoc|x64.Build.0 = Release|Any CPU
		{F9DD6D3E-B353-4C91-9382-D37C07A8BF36}.Ad-Hoc|x86.ActiveCfg = Release|Any CPU
		{F9DD6D3E-B353-4C91-9382-D37C07A8BF36}.Ad-Hoc|x86.Build.0 = Release|Any CPU
		{F9DD6D3E-B353-4C91-9382-D37C07A8BF36}.AppStore|Any CPU.ActiveCfg = Release|Any CPU
		{F9DD6D3E-B353-4C91-9382-D37C07A8BF36}.AppStore|Any CPU.Build.0 = Release|Any CPU
		{F9DD6D3E-B353-4C91-9382-D37C07A8BF36}.AppStore|ARM.ActiveCfg = Release|Any CPU
		{F9DD6D3E-B353-4C91-9382-D37C07A8BF36}.AppStore|ARM.Build.0 = Release|Any CPU
		{F9DD6D3E-B353-4C91-9382-D37C07A8BF36}.AppStore|iPhone.ActiveCfg = Release|Any CPU
		{F9DD6D3E-B353-4C91-9382-D37C07A8BF36}.AppStore|iPhone.Build.0 = Release|Any CPU
		{F9DD6D3E-B353-4C91-9382-D37C07A8BF36}.AppStore|iPhoneSimulator.ActiveCfg = Release|Any CPU
		{F9DD6D3E-B353-4C91-9382-D37C07A8BF36}.AppStore|iPhoneSimulator.Build.0 = Release|Any CPU
		{F9DD6D3E-B353-4C91-9382-D37C07A8BF36}.AppStore|x64.ActiveCfg = Release|Any CPU
		{F9DD6D3E-B353-4C91-9382-D37C07A8BF36}.AppStore|x64.Build.0 = Release|Any CPU
		{F9DD6D3E-B353-4C91-9382-D37C07A8BF36}.AppStore|x86.ActiveCfg = Release|Any CPU
		{F9DD6D3E-B353-4C91-9382-D37C07A8BF36}.AppStore|x86.Build.0 = Release|Any CPU
		{F9DD6D3E-B353-4C91-9382-D37C07A8BF36}.Debug|Any CPU.ActiveCfg = Debug|Any CPU
		{F9DD6D3E-B353-4C91-9382-D37C07A8BF36}.Debug|Any CPU.Build.0 = Debug|Any CPU
		{F9DD6D3E-B353-4C91-9382-D37C07A8BF36}.Debug|ARM.ActiveCfg = Debug|Any CPU
		{F9DD6D3E-B353-4C91-9382-D37C07A8BF36}.Debug|ARM.Build.0 = Debug|Any CPU
		{F9DD6D3E-B353-4C91-9382-D37C07A8BF36}.Debug|iPhone.ActiveCfg = Debug|Any CPU
		{F9DD6D3E-B353-4C91-9382-D37C07A8BF36}.Debug|iPhone.Build.0 = Debug|Any CPU
		{F9DD6D3E-B353-4C91-9382-D37C07A8BF36}.Debug|iPhoneSimulator.ActiveCfg = Debug|Any CPU
		{F9DD6D3E-B353-4C91-9382-D37C07A8BF36}.Debug|iPhoneSimulator.Build.0 = Debug|Any CPU
		{F9DD6D3E-B353-4C91-9382-D37C07A8BF36}.Debug|x64.ActiveCfg = Debug|Any CPU
		{F9DD6D3E-B353-4C91-9382-D37C07A8BF36}.Debug|x64.Build.0 = Debug|Any CPU
		{F9DD6D3E-B353-4C91-9382-D37C07A8BF36}.Debug|x86.ActiveCfg = Debug|Any CPU
		{F9DD6D3E-B353-4C91-9382-D37C07A8BF36}.Debug|x86.Build.0 = Debug|Any CPU
		{F9DD6D3E-B353-4C91-9382-D37C07A8BF36}.Release|Any CPU.ActiveCfg = Release|Any CPU
		{F9DD6D3E-B353-4C91-9382-D37C07A8BF36}.Release|Any CPU.Build.0 = Release|Any CPU
		{F9DD6D3E-B353-4C91-9382-D37C07A8BF36}.Release|ARM.ActiveCfg = Release|Any CPU
		{F9DD6D3E-B353-4C91-9382-D37C07A8BF36}.Release|ARM.Build.0 = Release|Any CPU
		{F9DD6D3E-B353-4C91-9382-D37C07A8BF36}.Release|iPhone.ActiveCfg = Release|Any CPU
		{F9DD6D3E-B353-4C91-9382-D37C07A8BF36}.Release|iPhone.Build.0 = Release|Any CPU
		{F9DD6D3E-B353-4C91-9382-D37C07A8BF36}.Release|iPhoneSimulator.ActiveCfg = Release|Any CPU
		{F9DD6D3E-B353-4C91-9382-D37C07A8BF36}.Release|iPhoneSimulator.Build.0 = Release|Any CPU
		{F9DD6D3E-B353-4C91-9382-D37C07A8BF36}.Release|x64.ActiveCfg = Release|Any CPU
		{F9DD6D3E-B353-4C91-9382-D37C07A8BF36}.Release|x64.Build.0 = Release|Any CPU
		{F9DD6D3E-B353-4C91-9382-D37C07A8BF36}.Release|x86.ActiveCfg = Release|Any CPU
		{F9DD6D3E-B353-4C91-9382-D37C07A8BF36}.Release|x86.Build.0 = Release|Any CPU
	EndGlobalSection
	GlobalSection(SolutionProperties) = preSolution
		HideSolutionNode = FALSE
	EndGlobalSection
	GlobalSection(NestedProjects) = preSolution
		{60C48564-3DE4-4F7A-8EE3-994ECC727CB9} = {D110FC49-64C7-4C31-9439-8826C4F21B12}
		{60D68E14-7B41-45E9-946B-0C6AAF821418} = {D110FC49-64C7-4C31-9439-8826C4F21B12}
		{E82AFF1D-3C54-4D3E-8D01-A46CFC16556D} = {D110FC49-64C7-4C31-9439-8826C4F21B12}
		{021CE5DF-A2B5-430D-AFF4-C2B474A70AB6} = {D110FC49-64C7-4C31-9439-8826C4F21B12}
		{AAF0E861-3583-44B0-B68F-6C58662A1472} = {714D72ED-25A2-4AF8-B10A-D677FF6B289D}
		{F9DD6D3E-B353-4C91-9382-D37C07A8BF36} = {714D72ED-25A2-4AF8-B10A-D677FF6B289D}
	EndGlobalSection
EndGlobal
